
Microsoft Visual Studio Solution File, Format Version 12.00
# Visual Studio Version 16
VisualStudioVersion = 16.0.31702.278
MinimumVisualStudioVersion = 10.0.40219.1
Project("{9A19103F-16F7-4668-BE54-9A1E7A4F7556}") = "BlazorSWUP", "BlazorSWUP\BlazorSWUP.csproj", "{42A476EC-CECE-4FB1-8E1E-FEBDC15450F3}"
EndProject
Project("{2150E333-8FDC-42A3-9474-1A3956D46DE8}") = "Solution Items", "Solution Items", "{FC6DE1B2-E533-4824-B521-60755DBCA6A2}"
	ProjectSection(SolutionItems) = preProject
		.editorconfig = .editorconfig
		..\.gitattributes = ..\.gitattributes
		..\.gitignore = ..\.gitignore
		..\LICENSE = ..\LICENSE
		..\README.md = ..\README.md
	EndProjectSection
EndProject
Project("{FAE04EC0-301F-11D3-BF4B-00C04F79EFBC}") = "BlazorSWUP.Demo", "BlazorSWUP.Demo\BlazorSWUP.Demo.csproj", "{DEBFBE95-7FD9-49A2-865A-DAECEE36DDA8}"
EndProject
Global
	GlobalSection(SolutionConfigurationPlatforms) = preSolution
		Debug|Any CPU = Debug|Any CPU
		Release|Any CPU = Release|Any CPU
	EndGlobalSection
	GlobalSection(ProjectConfigurationPlatforms) = postSolution
		{42A476EC-CECE-4FB1-8E1E-FEBDC15450F3}.Debug|Any CPU.ActiveCfg = Debug|Any CPU
		{42A476EC-CECE-4FB1-8E1E-FEBDC15450F3}.Debug|Any CPU.Build.0 = Debug|Any CPU
		{42A476EC-CECE-4FB1-8E1E-FEBDC15450F3}.Release|Any CPU.ActiveCfg = Release|Any CPU
		{42A476EC-CECE-4FB1-8E1E-FEBDC15450F3}.Release|Any CPU.Build.0 = Release|Any CPU
		{DEBFBE95-7FD9-49A2-865A-DAECEE36DDA8}.Debug|Any CPU.ActiveCfg = Debug|Any CPU
		{DEBFBE95-7FD9-49A2-865A-DAECEE36DDA8}.Debug|Any CPU.Build.0 = Debug|Any CPU
		{DEBFBE95-7FD9-49A2-865A-DAECEE36DDA8}.Release|Any CPU.ActiveCfg = Release|Any CPU
		{DEBFBE95-7FD9-49A2-865A-DAECEE36DDA8}.Release|Any CPU.Build.0 = Release|Any CPU
	EndGlobalSection
	GlobalSection(SolutionProperties) = preSolution
		HideSolutionNode = FALSE
	EndGlobalSection
	GlobalSection(ExtensibilityGlobals) = postSolution
		SolutionGuid = {DFA7FAF2-0F3C-46C3-8EEB-1A7E29293B4F}
	EndGlobalSection
EndGlobal
